{
  "name": "mail-parser-wasm-worker",
  "version": "0.1.8",
  "lockfileVersion": 3,
  "requires": true,
  "packages": {
    "": {
      "name": "mail-parser-wasm-worker",
      "version": "0.1.8",
      "license": "MIT",
      "dependencies": {
        "mail-parser-wasm-worker": "file:"
      }
    },
    "node_modules/mail-parser-wasm-worker": {
      "resolved": "",
      "link": true
    }
  }
}
